
Microsoft Visual Studio Solution File, Format Version 12.00
# Visual Studio Version 17
VisualStudioVersion = 17.3.32825.248
MinimumVisualStudioVersion = 10.0.40219.1
Project("{FAE04EC0-301F-11D3-BF4B-00C04F79EFBC}") = "MII.PremierProjet", "MII.PremierProjet\MII.PremierProjet.csproj", "{F1DF95CA-2079-4DB1-9FFF-679DA738AE52}"
EndProject
Global
	GlobalSection(SolutionConfigurationPlatforms) = preSolution
		Debug|Any CPU = Debug|Any CPU
		Release|Any CPU = Release|Any CPU
	EndGlobalSection
	GlobalSection(ProjectConfigurationPlatforms) = postSolution
		{F1DF95CA-2079-4DB1-9FFF-679DA738AE52}.Debug|Any CPU.ActiveCfg = Debug|Any CPU
		{F1DF95CA-2079-4DB1-9FFF-679DA738AE52}.Debug|Any CPU.Build.0 = Debug|Any CPU
		{F1DF95CA-2079-4DB1-9FFF-679DA738AE52}.Release|Any CPU.ActiveCfg = Release|Any CPU
		{F1DF95CA-2079-4DB1-9FFF-679DA738AE52}.Release|Any CPU.Build.0 = Release|Any CPU
	EndGlobalSection
	GlobalSection(SolutionProperties) = preSolution
		HideSolutionNode = FALSE
	EndGlobalSection
	GlobalSection(ExtensibilityGlobals) = postSolution
		SolutionGuid = {6F63328F-FAA5-4256-8557-2618C95B6101}
	EndGlobalSection
EndGlobal
